
Microsoft Visual Studio Solution File, Format Version 12.00
# Visual Studio Version 16
VisualStudioVersion = 16.0.31729.503
MinimumVisualStudioVersion = 10.0.40219.1
Project("{FAE04EC0-301F-11D3-BF4B-00C04F79EFBC}") = "ConsumirClima", "ConsumirClima\ConsumirClima.csproj", "{94A91459-3530-46A3-9A4A-105D1EA31E83}"
EndProject
Global
	GlobalSection(SolutionConfigurationPlatforms) = preSolution
		Debug|Any CPU = Debug|Any CPU
		Release|Any CPU = Release|Any CPU
	EndGlobalSection
	GlobalSection(ProjectConfigurationPlatforms) = postSolution
		{94A91459-3530-46A3-9A4A-105D1EA31E83}.Debug|Any CPU.ActiveCfg = Debug|Any CPU
		{94A91459-3530-46A3-9A4A-105D1EA31E83}.Debug|Any CPU.Build.0 = Debug|Any CPU
		{94A91459-3530-46A3-9A4A-105D1EA31E83}.Release|Any CPU.ActiveCfg = Release|Any CPU
		{94A91459-3530-46A3-9A4A-105D1EA31E83}.Release|Any CPU.Build.0 = Release|Any CPU
	EndGlobalSection
	GlobalSection(SolutionProperties) = preSolution
		HideSolutionNode = FALSE
	EndGlobalSection
	GlobalSection(ExtensibilityGlobals) = postSolution
		SolutionGuid = {2BF87B28-4B4B-4AB8-B281-49EE13BB3AC3}
	EndGlobalSection
EndGlobal
